{
  "requires": true,
  "lockfileVersion": 1,
  "dependencies": {
    "echarts": {
      "version": "4.0.2",
      "resolved": "https://registry.npmjs.org/echarts/-/echarts-4.0.2.tgz",
      "integrity": "sha512-2kLhHvSAVbJ6QYVDxuySFp/+LfJxlYTYyPaOfwqydiFMAL9Wx7jzarfR1P4P6DFzLCZi4U4mv6EcZhH9BantKQ==",
      "requires": {
        "zrender": "4.0.1"
      }
    },
    "zrender": {
      "version": "4.0.1",
      "resolved": "https://registry.npmjs.org/zrender/-/zrender-4.0.1.tgz",
      "integrity": "sha512-VC9bTAZwd5OVgryysxBgNvIZuwBsRJbIDkSyK9PAk7e9wE/M0k4R3eylVYc1IAcDXvccSFnj4/NkzCteh/YSpA=="
    }
  }
}
